{
    "_readme": [
        "This file locks the dependencies of your project to a known state",
        "Read more about it at http://getcomposer.org/doc/01-basic-usage.md#composer-lock-the-lock-file",
        "This file is @generated automatically"
    ],
    "hash": "47ee5a74dcc3689b160b95525ebce9f4",
    "packages": [
        {
            "name": "magento-hackathon/magento-composer-installer",
            "version": "1.3.2",
            "source": {
                "type": "git",
                "url": "https://github.com/magento-hackathon/magento-composer-installer.git",
                "reference": "5a4e95b44b5f5b845b7f982b14d932b372bc9645"
            },
            "dist": {
                "type": "zip",
                "url": "https://api.github.com/repos/magento-hackathon/magento-composer-installer/zipball/5a4e95b44b5f5b845b7f982b14d932b372bc9645",
                "reference": "5a4e95b44b5f5b845b7f982b14d932b372bc9645",
                "shasum": ""
            },
            "require-dev": {
                "composer/composer": "*",
                "phpunit/phpunit": "*"
            },
            "suggest": {
                "magento-hackathon/composer-command-integrator": "*"
            },
            "type": "composer-installer",
            "extra": {
                "composer-command-registry": [
                    "MagentoHackathon\\Composer\\Magento\\Command\\DeployCommand"
                ],
                "class": "MagentoHackathon\\Composer\\Magento\\Installer"
            },
            "autoload": {
                "psr-0": {
                    "MagentoHackathon\\Composer\\Magento": "src/"
                }
            },
            "license": [
                "OSL-3.0"
            ],
            "authors": [
                {
                    "name": "Daniel Fahlke aka Flyingmana",
                    "email": "flyingmana@googlemail.com"
                },
                {
                    "name": "Jörg Weller",
                    "email": "weller@flagbit.de"
                },
                {
                    "name": "Karl Spies",
                    "email": "karl.spies@gmx.net"
                },
                {
                    "name": "Tobias Vogt",
                    "email": "tobi@webguys.de"
                },
                {
                    "name": "David Fuhr",
                    "email": "fuhr@flagbit.de"
                },
                {
                    "name": "Vinai Kopp",
                    "email": "vinai@netzarbeiter.com"
                }
            ],
            "description": "Composer installer for Magento modules",
            "homepage": "https://github.com/magento-hackathon/magento-composer-installer",
            "keywords": [
                "composer-installer",
                "magento"
            ],
            "support": {
                "source": "https://github.com/magento-hackathon/magento-composer-installer/tree/1.3.2",
                "issues": "https://github.com/magento-hackathon/magento-composer-installer/issues"
            },
            "time": "2013-12-10 10:35:46"
        },
        {
            "name": "netzarbeiter/customer-activation",
            "version": "0.5.2",
            "source": {
                "type": "git",
                "url": "https://github.com/Vinai/customer-activation.git",
                "reference": "bde0903cd0898232b5295b72162014d947ad8b4e"
            },
            "dist": {
                "type": "zip",
                "url": "https://api.github.com/repos/Vinai/customer-activation/zipball/bde0903cd0898232b5295b72162014d947ad8b4e",
                "reference": "bde0903cd0898232b5295b72162014d947ad8b4e",
                "shasum": ""
            },
            "require": {
                "magento-hackathon/magento-composer-installer": "*"
            },
            "require-dev": {
                "ivanchepurnyi/ecomdev_phpunit": "*"
            },
            "type": "magento-module",
            "license": [
                "OSL-3.0"
            ],
            "authors": [
                {
                    "name": "Vinai Kopp",
                    "email": "vinai@netzarbeiter.com"
                }
            ],
            "description": "Makes it impossible for a customer to log in until the account has been activated by the administrator.",
            "homepage": "https://github.com/Vinai/customer-activation",
            "support": {
                "source": "https://github.com/Vinai/customer-activation/tree/0.5.2",
                "issues": "https://github.com/Vinai/customer-activation/issues"
            },
            "time": "2014-01-09 18:43:23"
        }
    ],
    "packages-dev": [

    ],
    "aliases": [

    ],
    "minimum-stability": "stable",
    "stability-flags": [

    ],
    "platform": [

    ],
    "platform-dev": [

    ]
}
